
Microsoft Visual Studio Solution File, Format Version 12.00
# Visual Studio Version 17
VisualStudioVersion = 17.10.35122.118
MinimumVisualStudioVersion = 10.0.40219.1
Project("{FAE04EC0-301F-11D3-BF4B-00C04F79EFBC}") = "Calculadora", "Calculadora\Calculadora.csproj", "{07C1468F-15EE-4B42-8C6F-1870E6382A93}"
EndProject
Global
	GlobalSection(SolutionConfigurationPlatforms) = preSolution
		Debug|Any CPU = Debug|Any CPU
		Release|Any CPU = Release|Any CPU
	EndGlobalSection
	GlobalSection(ProjectConfigurationPlatforms) = postSolution
		{07C1468F-15EE-4B42-8C6F-1870E6382A93}.Debug|Any CPU.ActiveCfg = Debug|Any CPU
		{07C1468F-15EE-4B42-8C6F-1870E6382A93}.Debug|Any CPU.Build.0 = Debug|Any CPU
		{07C1468F-15EE-4B42-8C6F-1870E6382A93}.Release|Any CPU.ActiveCfg = Release|Any CPU
		{07C1468F-15EE-4B42-8C6F-1870E6382A93}.Release|Any CPU.Build.0 = Release|Any CPU
	EndGlobalSection
	GlobalSection(SolutionProperties) = preSolution
		HideSolutionNode = FALSE
	EndGlobalSection
	GlobalSection(ExtensibilityGlobals) = postSolution
		SolutionGuid = {E7257C6E-2740-40B7-8B09-C811F2BEDAEE}
	EndGlobalSection
EndGlobal
